// !$*UTF8*$!
{
	archiveVersion = 1;
	classes = {
	};
	objectVersion = 50;
	objects = {

/* Begin PBXBuildFile section */
		C4541E922217E06F009FC76D /* AppDelegate.swift in Sources */ = {isa = PBXBuildFile; fileRef = C4541E912217E06F009FC76D /* AppDelegate.swift */; };
		C4541E942217E06F009FC76D /* ViewController.swift in Sources */ = {isa = PBXBuildFile; fileRef = C4541E932217E06F009FC76D /* ViewController.swift */; };
		C4541E972217E06F009FC76D /* Main.storyboard in Resources */ = {isa = PBXBuildFile; fileRef = C4541E952217E06F009FC76D /* Main.storyboard */; };
		C4541E992217E071009FC76D /* Assets.xcassets in Resources */ = {isa = PBXBuildFile; fileRef = C4541E982217E071009FC76D /* Assets.xcassets */; };
		C4541E9C2217E071009FC76D /* LaunchScreen.storyboard in Resources */ = {isa = PBXBuildFile; fileRef = C4541E9A2217E071009FC76D /* LaunchScreen.storyboard */; };
/* End PBXBuildFile section */

/* Begin PBXFileReference section */
		C4541E8E2217E06F009FC76D /* LSHK-Gradients-02-23-19.app */ = {isa = PBXFileReference; explicitFileType = wrapper.application; includeInIndex = 0; path = "LSHK-Gradients-02-23-19.app"; sourceTree = BUILT_PRODUCTS_DIR; };
		C4541E912217E06F009FC76D /* AppDelegate.swift */ = {isa = PBXFileReference; lastKnownFileType = sourcecode.swift; path = AppDelegate.swift; sourceTree = "<group>"; };
		C4541E932217E06F009FC76D /* ViewController.swift */ = {isa = PBXFileReference; lastKnownFileType = sourcecode.swift; path = ViewController.swift; sourceTree = "<group>"; };
		C4541E962217E06F009FC76D /* Base */ = {isa = PBXFileReference; lastKnownFileType = file.storyboard; name = Base; path = Base.lproj/Main.storyboard; sourceTree = "<group>"; };
		C4541E982217E071009FC76D /* Assets.xcassets */ = {isa = PBXFileReference; lastKnownFileType = folder.assetcatalog; path = Assets.xcassets; sourceTree = "<group>"; };
		C4541E9B2217E071009FC76D /* Base */ = {isa = PBXFileReference; lastKnownFileType = file.storyboard; name = Base; path = Base.lproj/LaunchScreen.storyboard; sourceTree = "<group>"; };
		C4541E9D2217E071009FC76D /* Info.plist */ = {isa = PBXFileReference; lastKnownFileType = text.plist.xml; path = Info.plist; sourceTree = "<group>"; };
/* End PBXFileReference section */

/* Begin PBXFrameworksBuildPhase section */
		C4541E8B2217E06F009FC76D /* Frameworks */ = {
			isa = PBXFrameworksBuildPhase;
			buildActionMask = 2147483647;
			files = (
			);
			runOnlyForDeploymentPostprocessing = 0;
		};
/* End PBXFrameworksBuildPhase section */

/* Begin PBXGroup section */
		C4541E852217E06F009FC76D = {
			isa = PBXGroup;
			children = (
				C4541E902217E06F009FC76D /* LSHK-Gradients-02-23-19 */,
				C4541E8F2217E06F009FC76D /* Products */,
			);
			sourceTree = "<group>";
		};
		C4541E8F2217E06F009FC76D /* Products */ = {
			isa = PBXGroup;
			children = (
				C4541E8E2217E06F009FC76D /* LSHK-Gradients-02-23-19.app */,
			);
			name = Products;
			sourceTree = "<group>";
		};
		C4541E902217E06F009FC76D /* LSHK-Gradients-02-23-19 */ = {
			isa = PBXGroup;
			children = (
				C4541E912217E06F009FC76D /* AppDelegate.swift */,
				C4541E932217E06F009FC76D /* ViewController.swift */,
				C4541E952217E06F009FC76D /* Main.storyboard */,
				C4541E982217E071009FC76D /* Assets.xcassets */,
				C4541E9A2217E071009FC76D /* LaunchScreen.storyboard */,
				C4541E9D2217E071009FC76D /* Info.plist */,
			);
			path = "LSHK-Gradients-02-23-19";
			sourceTree = "<group>";
		};
/* End PBXGroup section */

/* Begin PBXNativeTarget section */
		C4541E8D2217E06F009FC76D /* LSHK-Gradients-02-23-19 */ = {
			isa = PBXNativeTarget;
			buildConfigurationList = C4541EA02217E071009FC76D /* Build configuration list for PBXNativeTarget "LSHK-Gradients-02-23-19" */;
			buildPhases = (
				C4541E8A2217E06F009FC76D /* Sources */,
				C4541E8B2217E06F009FC76D /* Frameworks */,
				C4541E8C2217E06F009FC76D /* Resources */,
			);
			buildRules = (
			);
			dependencies = (
			);
			name = "LSHK-Gradients-02-23-19";
			productName = "LSHK-Gradients-02-23-19";
			productReference = C4541E8E2217E06F009FC76D /* LSHK-Gradients-02-23-19.app */;
			productType = "com.apple.product-type.application";
		};
/* End PBXNativeTarget section */

/* Begin PBXProject section */
		C4541E862217E06F009FC76D /* Project object */ = {
			isa = PBXProject;
			attributes = {
				LastSwiftUpdateCheck = 1010;
				LastUpgradeCheck = 1010;
				ORGANIZATIONNAME = timothyng;
				TargetAttributes = {
					C4541E8D2217E06F009FC76D = {
						CreatedOnToolsVersion = 10.1;
					};
				};
			};
			buildConfigurationList = C4541E892217E06F009FC76D /* Build configuration list for PBXProject "LSHK-Gradients-02-23-19" */;
			compatibilityVersion = "Xcode 9.3";
			developmentRegion = en;
			hasScannedForEncodings = 0;
			knownRegions = (
				en,
				Base,
			);
			mainGroup = C4541E852217E06F009FC76D;
			productRefGroup = C4541E8F2217E06F009FC76D /* Products */;
			projectDirPath = "";
			projectRoot = "";
			targets = (
				C4541E8D2217E06F009FC76D /* LSHK-Gradients-02-23-19 */,
			);
		};
/* End PBXProject section */

/* Begin PBXResourcesBuildPhase section */
		C4541E8C2217E06F009FC76D /* Resources */ = {
			isa = PBXResourcesBuildPhase;
			buildActionMask = 2147483647;
			files = (
				C4541E9C2217E071009FC76D /* LaunchScreen.storyboard in Resources */,
				C4541E992217E071009FC76D /* Assets.xcassets in Resources */,
				C4541E972217E06F009FC76D /* Main.storyboard in Resources */,
			);
			runOnlyForDeploymentPostprocessing = 0;
		};
/* End PBXResourcesBuildPhase section */

/* Begin PBXSourcesBuildPhase section */
		C4541E8A2217E06F009FC76D /* Sources */ = {
			isa = PBXSourcesBuildPhase;
			buildActionMask = 2147483647;
			files = (
				C4541E942217E06F009FC76D /* ViewController.swift in Sources */,
				C4541E922217E06F009FC76D /* AppDelegate.swift in Sources */,
			);
			runOnlyForDeploymentPostprocessing = 0;
		};
/* End PBXSourcesBuildPhase section */

/* Begin PBXVariantGroup section */
		C4541E952217E06F009FC76D /* Main.storyboard */ = {
			isa = PBXVariantGroup;
			children = (
				C4541E962217E06F009FC76D /* Base */,
			);
			name = Main.storyboard;
			sourceTree = "<group>";
		};
		C4541E9A2217E071009FC76D /* LaunchScreen.storyboard */ = {
			isa = PBXVariantGroup;
			children = (
				C4541E9B2217E071009FC76D /* Base */,
			);
			name = LaunchScreen.storyboard;
			sourceTree = "<group>";
		};
/* End PBXVariantGroup section */

/* Begin XCBuildConfiguration section */
		C4541E9E2217E071009FC76D /* Debug */ = {
			isa = XCBuildConfiguration;
			buildSettings = {
				ALWAYS_SEARCH_USER_PATHS = NO;
				CLANG_ANALYZER_NONNULL = YES;
				CLANG_ANALYZER_NUMBER_OBJECT_CONVERSION = YES_AGGRESSIVE;
				CLANG_CXX_LANGUAGE_STANDARD = "gnu++14";
				CLANG_CXX_LIBRARY = "libc++";
				CLANG_ENABLE_MODULES = YES;
				CLANG_ENABLE_OBJC_ARC = YES;
				CLANG_ENABLE_OBJC_WEAK = YES;
				CLANG_WARN_BLOCK_CAPTURE_AUTORELEASING = YES;
				CLANG_WARN_BOOL_CONVERSION = YES;
				CLANG_WARN_COMMA = YES;
				CLANG_WARN_CONSTANT_CONVERSION = YES;
				CLANG_WARN_DEPRECATED_OBJC_IMPLEMENTATIONS = YES;
				CLANG_WARN_DIRECT_OBJC_ISA_USAGE = YES_ERROR;
				CLANG_WARN_DOCUMENTATION_COMMENTS = YES;
				CLANG_WARN_EMPTY_BODY = YES;
				CLANG_WARN_ENUM_CONVERSION = YES;
				CLANG_WARN_INFINITE_RECURSION = YES;
				CLANG_WARN_INT_CONVERSION = YES;
				CLANG_WARN_NON_LITERAL_NULL_CONVERSION = YES;
				CLANG_WARN_OBJC_IMPLICIT_RETAIN_SELF = YES;
				CLANG_WARN_OBJC_LITERAL_CONVERSION = YES;
				CLANG_WARN_OBJC_ROOT_CLASS = YES_ERROR;
				CLANG_WARN_RANGE_LOOP_ANALYSIS = YES;
				CLANG_WARN_STRICT_PROTOTYPES = YES;
				CLANG_WARN_SUSPICIOUS_MOVE = YES;
				CLANG_WARN_UNGUARDED_AVAILABILITY = YES_AGGRESSIVE;
				CLANG_WARN_UNREACHABLE_CODE = YES;
				CLANG_WARN__DUPLICATE_METHOD_MATCH = YES;
				CODE_SIGN_IDENTITY = "iPhone Developer";
				COPY_PHASE_STRIP = NO;
				DEBUG_INFORMATION_FORMAT = dwarf;
				ENABLE_STRICT_OBJC_MSGSEND = YES;
				ENABLE_TESTABILITY = YES;
				GCC_C_LANGUAGE_STANDARD = gnu11;
				GCC_DYNAMIC_NO_PIC = NO;
				GCC_NO_COMMON_BLOCKS = YES;
				GCC_OPTIMIZATION_LEVEL = 0;
				GCC_PREPROCESSOR_DEFINITIONS = (
					"DEBUG=1",
					"$(inherited)",
				);
				GCC_WARN_64_TO_32_BIT_CONVERSION = YES;
				GCC_WARN_ABOUT_RETURN_TYPE = YES_ERROR;
				GCC_WARN_UNDECLARED_SELECTOR = YES;
				GCC_WARN_UNINITIALIZED_AUTOS = YES_AGGRESSIVE;
				GCC_WARN_UNUSED_FUNCTION = YES;
				GCC_WARN_UNUSED_VARIABLE = YES;
				IPHONEOS_DEPLOYMENT_TARGET = 12.1;
				MTL_ENABLE_DEBUG_INFO = INCLUDE_SOURCE;
				MTL_FAST_MATH = YES;
				ONLY_ACTIVE_ARCH = YES;
				SDKROOT = iphoneos;
				SWIFT_ACTIVE_COMPILATION_CONDITIONS = DEBUG;
				SWIFT_OPTIMIZATION_LEVEL = "-Onone";
			};
			name = Debug;
		};
		C4541E9F2217E071009FC76D /* Release */ = {
			isa = XCBuildConfiguration;
			buildSettings = {
				ALWAYS_SEARCH_USER_PATHS = NO;
				CLANG_ANALYZER_NONNULL = YES;
				CLANG_ANALYZER_NUMBER_OBJECT_CONVERSION = YES_AGGRESSIVE;
				CLANG_CXX_LANGUAGE_STANDARD = "gnu++14";
				CLANG_CXX_LIBRARY = "libc++";
				CLANG_ENABLE_MODULES = YES;
				CLANG_ENABLE_OBJC_ARC = YES;
				CLANG_ENABLE_OBJC_WEAK = YES;
				CLANG_WARN_BLOCK_CAPTURE_AUTORELEASING = YES;
				CLANG_WARN_BOOL_CONVERSION = YES;
				CLANG_WARN_COMMA = YES;
				CLANG_WARN_CONSTANT_CONVERSION = YES;
				CLANG_WARN_DEPRECATED_OBJC_IMPLEMENTATIONS = YES;
				CLANG_WARN_DIRECT_OBJC_ISA_USAGE = YES_ERROR;
				CLANG_WARN_DOCUMENTATION_COMMENTS = YES;
				CLANG_WARN_EMPTY_BODY = YES;
				CLANG_WARN_ENUM_CONVERSION = YES;
				CLANG_WARN_INFINITE_RECURSION = YES;
				CLANG_WARN_INT_CONVERSION = YES;
				CLANG_WARN_NON_LITERAL_NULL_CONVERSION = YES;
				CLANG_WARN_OBJC_IMPLICIT_RETAIN_SELF = YES;
				CLANG_WARN_OBJC_LITERAL_CONVERSION = YES;
				CLANG_WARN_OBJC_ROOT_CLASS = YES_ERROR;
				CLANG_WARN_RANGE_LOOP_ANALYSIS = YES;
				CLANG_WARN_STRICT_PROTOTYPES = YES;
				CLANG_WARN_SUSPICIOUS_MOVE = YES;
				CLANG_WARN_UNGUARDED_AVAILABILITY = YES_AGGRESSIVE;
				CLANG_WARN_UNREACHABLE_CODE = YES;
				CLANG_WARN__DUPLICATE_METHOD_MATCH = YES;
				CODE_SIGN_IDENTITY = "iPhone Developer";
				COPY_PHASE_STRIP = NO;
				DEBUG_INFORMATION_FORMAT = "dwarf-with-dsym";
				ENABLE_NS_ASSERTIONS = NO;
				ENABLE_STRICT_OBJC_MSGSEND = YES;
				GCC_C_LANGUAGE_STANDARD = gnu11;
				GCC_NO_COMMON_BLOCKS = YES;
				GCC_WARN_64_TO_32_BIT_CONVERSION = YES;
				GCC_WARN_ABOUT_RETURN_TYPE = YES_ERROR;
				GCC_WARN_UNDECLARED_SELECTOR = YES;
				GCC_WARN_UNINITIALIZED_AUTOS = YES_AGGRESSIVE;
				GCC_WARN_UNUSED_FUNCTION = YES;
				GCC_WARN_UNUSED_VARIABLE = YES;
				IPHONEOS_DEPLOYMENT_TARGET = 12.1;
				MTL_ENABLE_DEBUG_INFO = NO;
				MTL_FAST_MATH = YES;
				SDKROOT = iphoneos;
				SWIFT_COMPILATION_MODE = wholemodule;
				SWIFT_OPTIMIZATION_LEVEL = "-O";
				VALIDATE_PRODUCT = YES;
			};
			name = Release;
		};
		C4541EA12217E071009FC76D /* Debug */ = {
			isa = XCBuildConfiguration;
			buildSettings = {
				ASSETCATALOG_COMPILER_APPICON_NAME = AppIcon;
				CODE_SIGN_STYLE = Automatic;
				DEVELOPMENT_TEAM = 8FEPG5HWR5;
				INFOPLIST_FILE = "LSHK-Gradients-02-23-19/Info.plist";
				LD_RUNPATH_SEARCH_PATHS = (
					"$(inherited)",
					"@executable_path/Frameworks",
				);
				PRODUCT_BUNDLE_IDENTIFIER = "com.timothyng.LSHK-Gradients-02-23-19";
				PRODUCT_NAME = "$(TARGET_NAME)";
				SWIFT_VERSION = 4.2;
				TARGETED_DEVICE_FAMILY = "1,2";
			};
			name = Debug;
		};
		C4541EA22217E071009FC76D /* Release */ = {
			isa = XCBuildConfiguration;
			buildSettings = {
				ASSETCATALOG_COMPILER_APPICON_NAME = AppIcon;
				CODE_SIGN_STYLE = Automatic;
				DEVELOPMENT_TEAM = 8FEPG5HWR5;
				INFOPLIST_FILE = "LSHK-Gradients-02-23-19/Info.plist";
				LD_RUNPATH_SEARCH_PATHS = (
					"$(inherited)",
					"@executable_path/Frameworks",
				);
				PRODUCT_BUNDLE_IDENTIFIER = "com.timothyng.LSHK-Gradients-02-23-19";
				PRODUCT_NAME = "$(TARGET_NAME)";
				SWIFT_VERSION = 4.2;
				TARGETED_DEVICE_FAMILY = "1,2";
			};
			name = Release;
		};
/* End XCBuildConfiguration section */

/* Begin XCConfigurationList section */
		C4541E892217E06F009FC76D /* Build configuration list for PBXProject "LSHK-Gradients-02-23-19" */ = {
			isa = XCConfigurationList;
			buildConfigurations = (
				C4541E9E2217E071009FC76D /* Debug */,
				C4541E9F2217E071009FC76D /* Release */,
			);
			defaultConfigurationIsVisible = 0;
			defaultConfigurationName = Release;
		};
		C4541EA02217E071009FC76D /* Build configuration list for PBXNativeTarget "LSHK-Gradients-02-23-19" */ = {
			isa = XCConfigurationList;
			buildConfigurations = (
				C4541EA12217E071009FC76D /* Debug */,
				C4541EA22217E071009FC76D /* Release */,
			);
			defaultConfigurationIsVisible = 0;
			defaultConfigurationName = Release;
		};
/* End XCConfigurationList section */
	};
	rootObject = C4541E862217E06F009FC76D /* Project object */;
}
